// !$*UTF8*$!
{
	archiveVersion = 1;
	classes = {
	};
	objectVersion = 56;
	objects = {

/* Begin PBXBuildFile section */
		7D5CC0402C1488D3007A8BBB /* testProjectApp.swift in Sources */ = {isa = PBXBuildFile; fileRef = 7D5CC03F2C1488D3007A8BBB /* testProjectApp.swift */; };
		7D5CC0422C1488D3007A8BBB /* ContentView.swift in Sources */ = {isa = PBXBuildFile; fileRef = 7D5CC0412C1488D3007A8BBB /* ContentView.swift */; };
		7D5CC0442C1488D4007A8BBB /* Assets.xcassets in Resources */ = {isa = PBXBuildFile; fileRef = 7D5CC0432C1488D4007A8BBB /* Assets.xcassets */; };
		7D5CC0472C1488D4007A8BBB /* Preview Assets.xcassets in Resources */ = {isa = PBXBuildFile; fileRef = 7D5CC0462C1488D4007A8BBB /* Preview Assets.xcassets */; };
		7D5CC04F2C1489DF007A8BBB /* ElementData.swift in Sources */ = {isa = PBXBuildFile; fileRef = 7D5CC04E2C1489DF007A8BBB /* ElementData.swift */; };
		7D5CC0522C148A95007A8BBB /* ListDataViewModel.swift in Sources */ = {isa = PBXBuildFile; fileRef = 7D5CC0512C148A95007A8BBB /* ListDataViewModel.swift */; };
		7D5CC0552C148B3D007A8BBB /* Alamofire in Frameworks */ = {isa = PBXBuildFile; productRef = 7D5CC0542C148B3D007A8BBB /* Alamofire */; };
		7D5CC0572C148B3D007A8BBB /* AlamofireDynamic in Frameworks */ = {isa = PBXBuildFile; productRef = 7D5CC0562C148B3D007A8BBB /* AlamofireDynamic */; };
		7D5CC05A2C148B7D007A8BBB /* Server.swift in Sources */ = {isa = PBXBuildFile; fileRef = 7D5CC0592C148B7D007A8BBB /* Server.swift */; };
		7D5CC0602C1490F6007A8BBB /* ListRowView.swift in Sources */ = {isa = PBXBuildFile; fileRef = 7D5CC05F2C1490F6007A8BBB /* ListRowView.swift */; };
		7D5CC0622C14910A007A8BBB /* ListDetailView.swift in Sources */ = {isa = PBXBuildFile; fileRef = 7D5CC0612C14910A007A8BBB /* ListDetailView.swift */; };
		7D5CC06A2C155B06007A8BBB /* testProjectTests.swift in Sources */ = {isa = PBXBuildFile; fileRef = 7D5CC0692C155B06007A8BBB /* testProjectTests.swift */; };
		7D5CC0772C155B20007A8BBB /* testProjectUITests.swift in Sources */ = {isa = PBXBuildFile; fileRef = 7D5CC0762C155B20007A8BBB /* testProjectUITests.swift */; };
		7D5CC0792C155B20007A8BBB /* testProjectUITestsLaunchTests.swift in Sources */ = {isa = PBXBuildFile; fileRef = 7D5CC0782C155B20007A8BBB /* testProjectUITestsLaunchTests.swift */; };
/* End PBXBuildFile section */

/* Begin PBXContainerItemProxy section */
		7D5CC06B2C155B06007A8BBB /* PBXContainerItemProxy */ = {
			isa = PBXContainerItemProxy;
			containerPortal = 7D5CC0342C1488D3007A8BBB /* Project object */;
			proxyType = 1;
			remoteGlobalIDString = 7D5CC03B2C1488D3007A8BBB;
			remoteInfo = testProject;
		};
		7D5CC07A2C155B20007A8BBB /* PBXContainerItemProxy */ = {
			isa = PBXContainerItemProxy;
			containerPortal = 7D5CC0342C1488D3007A8BBB /* Project object */;
			proxyType = 1;
			remoteGlobalIDString = 7D5CC03B2C1488D3007A8BBB;
			remoteInfo = testProject;
		};
/* End PBXContainerItemProxy section */

/* Begin PBXFileReference section */
		7D5CC03C2C1488D3007A8BBB /* testProject.app */ = {isa = PBXFileReference; explicitFileType = wrapper.application; includeInIndex = 0; path = testProject.app; sourceTree = BUILT_PRODUCTS_DIR; };
		7D5CC03F2C1488D3007A8BBB /* testProjectApp.swift */ = {isa = PBXFileReference; lastKnownFileType = sourcecode.swift; path = testProjectApp.swift; sourceTree = "<group>"; };
		7D5CC0412C1488D3007A8BBB /* ContentView.swift */ = {isa = PBXFileReference; lastKnownFileType = sourcecode.swift; path = ContentView.swift; sourceTree = "<group>"; };
		7D5CC0432C1488D4007A8BBB /* Assets.xcassets */ = {isa = PBXFileReference; lastKnownFileType = folder.assetcatalog; path = Assets.xcassets; sourceTree = "<group>"; };
		7D5CC0462C1488D4007A8BBB /* Preview Assets.xcassets */ = {isa = PBXFileReference; lastKnownFileType = folder.assetcatalog; path = "Preview Assets.xcassets"; sourceTree = "<group>"; };
		7D5CC04E2C1489DF007A8BBB /* ElementData.swift */ = {isa = PBXFileReference; lastKnownFileType = sourcecode.swift; path = ElementData.swift; sourceTree = "<group>"; };
		7D5CC0512C148A95007A8BBB /* ListDataViewModel.swift */ = {isa = PBXFileReference; lastKnownFileType = sourcecode.swift; path = ListDataViewModel.swift; sourceTree = "<group>"; };
		7D5CC0592C148B7D007A8BBB /* Server.swift */ = {isa = PBXFileReference; lastKnownFileType = sourcecode.swift; path = Server.swift; sourceTree = "<group>"; };
		7D5CC05F2C1490F6007A8BBB /* ListRowView.swift */ = {isa = PBXFileReference; lastKnownFileType = sourcecode.swift; path = ListRowView.swift; sourceTree = "<group>"; };
		7D5CC0612C14910A007A8BBB /* ListDetailView.swift */ = {isa = PBXFileReference; lastKnownFileType = sourcecode.swift; path = ListDetailView.swift; sourceTree = "<group>"; };
		7D5CC0672C155B06007A8BBB /* testProjectTests.xctest */ = {isa = PBXFileReference; explicitFileType = wrapper.cfbundle; includeInIndex = 0; path = testProjectTests.xctest; sourceTree = BUILT_PRODUCTS_DIR; };
		7D5CC0692C155B06007A8BBB /* testProjectTests.swift */ = {isa = PBXFileReference; lastKnownFileType = sourcecode.swift; path = testProjectTests.swift; sourceTree = "<group>"; };
		7D5CC0742C155B20007A8BBB /* testProjectUITests.xctest */ = {isa = PBXFileReference; explicitFileType = wrapper.cfbundle; includeInIndex = 0; path = testProjectUITests.xctest; sourceTree = BUILT_PRODUCTS_DIR; };
		7D5CC0762C155B20007A8BBB /* testProjectUITests.swift */ = {isa = PBXFileReference; lastKnownFileType = sourcecode.swift; path = testProjectUITests.swift; sourceTree = "<group>"; };
		7D5CC0782C155B20007A8BBB /* testProjectUITestsLaunchTests.swift */ = {isa = PBXFileReference; lastKnownFileType = sourcecode.swift; path = testProjectUITestsLaunchTests.swift; sourceTree = "<group>"; };
/* End PBXFileReference section */

/* Begin PBXFrameworksBuildPhase section */
		7D5CC0392C1488D3007A8BBB /* Frameworks */ = {
			isa = PBXFrameworksBuildPhase;
			buildActionMask = 2147483647;
			files = (
				7D5CC0552C148B3D007A8BBB /* Alamofire in Frameworks */,
				7D5CC0572C148B3D007A8BBB /* AlamofireDynamic in Frameworks */,
			);
			runOnlyForDeploymentPostprocessing = 0;
		};
		7D5CC0642C155B06007A8BBB /* Frameworks */ = {
			isa = PBXFrameworksBuildPhase;
			buildActionMask = 2147483647;
			files = (
			);
			runOnlyForDeploymentPostprocessing = 0;
		};
		7D5CC0712C155B20007A8BBB /* Frameworks */ = {
			isa = PBXFrameworksBuildPhase;
			buildActionMask = 2147483647;
			files = (
			);
			runOnlyForDeploymentPostprocessing = 0;
		};
/* End PBXFrameworksBuildPhase section */

/* Begin PBXGroup section */
		7D5CC0332C1488D3007A8BBB = {
			isa = PBXGroup;
			children = (
				7D5CC03E2C1488D3007A8BBB /* testProject */,
				7D5CC0682C155B06007A8BBB /* testProjectTests */,
				7D5CC0752C155B20007A8BBB /* testProjectUITests */,
				7D5CC03D2C1488D3007A8BBB /* Products */,
			);
			sourceTree = "<group>";
		};
		7D5CC03D2C1488D3007A8BBB /* Products */ = {
			isa = PBXGroup;
			children = (
				7D5CC03C2C1488D3007A8BBB /* testProject.app */,
				7D5CC0672C155B06007A8BBB /* testProjectTests.xctest */,
				7D5CC0742C155B20007A8BBB /* testProjectUITests.xctest */,
			);
			name = Products;
			sourceTree = "<group>";
		};
		7D5CC03E2C1488D3007A8BBB /* testProject */ = {
			isa = PBXGroup;
			children = (
				7D5CC05E2C1490DF007A8BBB /* View */,
				7D5CC0582C148B4E007A8BBB /* Network */,
				7D5CC0502C148A6B007A8BBB /* ViewModel */,
				7D5CC04D2C148914007A8BBB /* Model */,
				7D5CC03F2C1488D3007A8BBB /* testProjectApp.swift */,
				7D5CC0432C1488D4007A8BBB /* Assets.xcassets */,
				7D5CC0452C1488D4007A8BBB /* Preview Content */,
			);
			path = testProject;
			sourceTree = "<group>";
		};
		7D5CC0452C1488D4007A8BBB /* Preview Content */ = {
			isa = PBXGroup;
			children = (
				7D5CC0462C1488D4007A8BBB /* Preview Assets.xcassets */,
			);
			path = "Preview Content";
			sourceTree = "<group>";
		};
		7D5CC04D2C148914007A8BBB /* Model */ = {
			isa = PBXGroup;
			children = (
				7D5CC04E2C1489DF007A8BBB /* ElementData.swift */,
			);
			path = Model;
			sourceTree = "<group>";
		};
		7D5CC0502C148A6B007A8BBB /* ViewModel */ = {
			isa = PBXGroup;
			children = (
				7D5CC0512C148A95007A8BBB /* ListDataViewModel.swift */,
			);
			path = ViewModel;
			sourceTree = "<group>";
		};
		7D5CC0582C148B4E007A8BBB /* Network */ = {
			isa = PBXGroup;
			children = (
				7D5CC0592C148B7D007A8BBB /* Server.swift */,
			);
			path = Network;
			sourceTree = "<group>";
		};
		7D5CC05E2C1490DF007A8BBB /* View */ = {
			isa = PBXGroup;
			children = (
				7D5CC0412C1488D3007A8BBB /* ContentView.swift */,
				7D5CC05F2C1490F6007A8BBB /* ListRowView.swift */,
				7D5CC0612C14910A007A8BBB /* ListDetailView.swift */,
			);
			path = View;
			sourceTree = "<group>";
		};
		7D5CC0682C155B06007A8BBB /* testProjectTests */ = {
			isa = PBXGroup;
			children = (
				7D5CC0692C155B06007A8BBB /* testProjectTests.swift */,
			);
			path = testProjectTests;
			sourceTree = "<group>";
		};
		7D5CC0752C155B20007A8BBB /* testProjectUITests */ = {
			isa = PBXGroup;
			children = (
				7D5CC0762C155B20007A8BBB /* testProjectUITests.swift */,
				7D5CC0782C155B20007A8BBB /* testProjectUITestsLaunchTests.swift */,
			);
			path = testProjectUITests;
			sourceTree = "<group>";
		};
/* End PBXGroup section */

/* Begin PBXNativeTarget section */
		7D5CC03B2C1488D3007A8BBB /* testProject */ = {
			isa = PBXNativeTarget;
			buildConfigurationList = 7D5CC04A2C1488D4007A8BBB /* Build configuration list for PBXNativeTarget "testProject" */;
			buildPhases = (
				7D5CC0382C1488D3007A8BBB /* Sources */,
				7D5CC0392C1488D3007A8BBB /* Frameworks */,
				7D5CC03A2C1488D3007A8BBB /* Resources */,
			);
			buildRules = (
			);
			dependencies = (
			);
			name = testProject;
			packageProductDependencies = (
				7D5CC0542C148B3D007A8BBB /* Alamofire */,
				7D5CC0562C148B3D007A8BBB /* AlamofireDynamic */,
			);
			productName = testProject;
			productReference = 7D5CC03C2C1488D3007A8BBB /* testProject.app */;
			productType = "com.apple.product-type.application";
		};
		7D5CC0662C155B06007A8BBB /* testProjectTests */ = {
			isa = PBXNativeTarget;
			buildConfigurationList = 7D5CC06D2C155B06007A8BBB /* Build configuration list for PBXNativeTarget "testProjectTests" */;
			buildPhases = (
				7D5CC0632C155B06007A8BBB /* Sources */,
				7D5CC0642C155B06007A8BBB /* Frameworks */,
				7D5CC0652C155B06007A8BBB /* Resources */,
			);
			buildRules = (
			);
			dependencies = (
				7D5CC06C2C155B06007A8BBB /* PBXTargetDependency */,
			);
			name = testProjectTests;
			productName = testProjectTests;
			productReference = 7D5CC0672C155B06007A8BBB /* testProjectTests.xctest */;
			productType = "com.apple.product-type.bundle.unit-test";
		};
		7D5CC0732C155B20007A8BBB /* testProjectUITests */ = {
			isa = PBXNativeTarget;
			buildConfigurationList = 7D5CC07C2C155B20007A8BBB /* Build configuration list for PBXNativeTarget "testProjectUITests" */;
			buildPhases = (
				7D5CC0702C155B20007A8BBB /* Sources */,
				7D5CC0712C155B20007A8BBB /* Frameworks */,
				7D5CC0722C155B20007A8BBB /* Resources */,
			);
			buildRules = (
			);
			dependencies = (
				7D5CC07B2C155B20007A8BBB /* PBXTargetDependency */,
			);
			name = testProjectUITests;
			productName = testProjectUITests;
			productReference = 7D5CC0742C155B20007A8BBB /* testProjectUITests.xctest */;
			productType = "com.apple.product-type.bundle.ui-testing";
		};
/* End PBXNativeTarget section */

/* Begin PBXProject section */
		7D5CC0342C1488D3007A8BBB /* Project object */ = {
			isa = PBXProject;
			attributes = {
				BuildIndependentTargetsInParallel = 1;
				LastSwiftUpdateCheck = 1530;
				LastUpgradeCheck = 1530;
				TargetAttributes = {
					7D5CC03B2C1488D3007A8BBB = {
						CreatedOnToolsVersion = 15.3;
					};
					7D5CC0662C155B06007A8BBB = {
						CreatedOnToolsVersion = 15.3;
						TestTargetID = 7D5CC03B2C1488D3007A8BBB;
					};
					7D5CC0732C155B20007A8BBB = {
						CreatedOnToolsVersion = 15.3;
						TestTargetID = 7D5CC03B2C1488D3007A8BBB;
					};
				};
			};
			buildConfigurationList = 7D5CC0372C1488D3007A8BBB /* Build configuration list for PBXProject "testProject" */;
			compatibilityVersion = "Xcode 14.0";
			developmentRegion = en;
			hasScannedForEncodings = 0;
			knownRegions = (
				en,
				Base,
			);
			mainGroup = 7D5CC0332C1488D3007A8BBB;
			packageReferences = (
				7D5CC0532C148B3D007A8BBB /* XCRemoteSwiftPackageReference "Alamofire" */,
			);
			productRefGroup = 7D5CC03D2C1488D3007A8BBB /* Products */;
			projectDirPath = "";
			projectRoot = "";
			targets = (
				7D5CC03B2C1488D3007A8BBB /* testProject */,
				7D5CC0662C155B06007A8BBB /* testProjectTests */,
				7D5CC0732C155B20007A8BBB /* testProjectUITests */,
			);
		};
/* End PBXProject section */

/* Begin PBXResourcesBuildPhase section */
		7D5CC03A2C1488D3007A8BBB /* Resources */ = {
			isa = PBXResourcesBuildPhase;
			buildActionMask = 2147483647;
			files = (
				7D5CC0472C1488D4007A8BBB /* Preview Assets.xcassets in Resources */,
				7D5CC0442C1488D4007A8BBB /* Assets.xcassets in Resources */,
			);
			runOnlyForDeploymentPostprocessing = 0;
		};
		7D5CC0652C155B06007A8BBB /* Resources */ = {
			isa = PBXResourcesBuildPhase;
			buildActionMask = 2147483647;
			files = (
			);
			runOnlyForDeploymentPostprocessing = 0;
		};
		7D5CC0722C155B20007A8BBB /* Resources */ = {
			isa = PBXResourcesBuildPhase;
			buildActionMask = 2147483647;
			files = (
			);
			runOnlyForDeploymentPostprocessing = 0;
		};
/* End PBXResourcesBuildPhase section */

/* Begin PBXSourcesBuildPhase section */
		7D5CC0382C1488D3007A8BBB /* Sources */ = {
			isa = PBXSourcesBuildPhase;
			buildActionMask = 2147483647;
			files = (
				7D5CC05A2C148B7D007A8BBB /* Server.swift in Sources */,
				7D5CC0622C14910A007A8BBB /* ListDetailView.swift in Sources */,
				7D5CC0602C1490F6007A8BBB /* ListRowView.swift in Sources */,
				7D5CC0522C148A95007A8BBB /* ListDataViewModel.swift in Sources */,
				7D5CC0422C1488D3007A8BBB /* ContentView.swift in Sources */,
				7D5CC0402C1488D3007A8BBB /* testProjectApp.swift in Sources */,
				7D5CC04F2C1489DF007A8BBB /* ElementData.swift in Sources */,
			);
			runOnlyForDeploymentPostprocessing = 0;
		};
		7D5CC0632C155B06007A8BBB /* Sources */ = {
			isa = PBXSourcesBuildPhase;
			buildActionMask = 2147483647;
			files = (
				7D5CC06A2C155B06007A8BBB /* testProjectTests.swift in Sources */,
			);
			runOnlyForDeploymentPostprocessing = 0;
		};
		7D5CC0702C155B20007A8BBB /* Sources */ = {
			isa = PBXSourcesBuildPhase;
			buildActionMask = 2147483647;
			files = (
				7D5CC0792C155B20007A8BBB /* testProjectUITestsLaunchTests.swift in Sources */,
				7D5CC0772C155B20007A8BBB /* testProjectUITests.swift in Sources */,
			);
			runOnlyForDeploymentPostprocessing = 0;
		};
/* End PBXSourcesBuildPhase section */

/* Begin PBXTargetDependency section */
		7D5CC06C2C155B06007A8BBB /* PBXTargetDependency */ = {
			isa = PBXTargetDependency;
			target = 7D5CC03B2C1488D3007A8BBB /* testProject */;
			targetProxy = 7D5CC06B2C155B06007A8BBB /* PBXContainerItemProxy */;
		};
		7D5CC07B2C155B20007A8BBB /* PBXTargetDependency */ = {
			isa = PBXTargetDependency;
			target = 7D5CC03B2C1488D3007A8BBB /* testProject */;
			targetProxy = 7D5CC07A2C155B20007A8BBB /* PBXContainerItemProxy */;
		};
/* End PBXTargetDependency section */

/* Begin XCBuildConfiguration section */
		7D5CC0482C1488D4007A8BBB /* Debug */ = {
			isa = XCBuildConfiguration;
			buildSettings = {
				ALWAYS_SEARCH_USER_PATHS = NO;
				ASSETCATALOG_COMPILER_GENERATE_SWIFT_ASSET_SYMBOL_EXTENSIONS = YES;
				CLANG_ANALYZER_NONNULL = YES;
				CLANG_ANALYZER_NUMBER_OBJECT_CONVERSION = YES_AGGRESSIVE;
				CLANG_CXX_LANGUAGE_STANDARD = "gnu++20";
				CLANG_ENABLE_MODULES = YES;
				CLANG_ENABLE_OBJC_ARC = YES;
				CLANG_ENABLE_OBJC_WEAK = YES;
				CLANG_WARN_BLOCK_CAPTURE_AUTORELEASING = YES;
				CLANG_WARN_BOOL_CONVERSION = YES;
				CLANG_WARN_COMMA = YES;
				CLANG_WARN_CONSTANT_CONVERSION = YES;
				CLANG_WARN_DEPRECATED_OBJC_IMPLEMENTATIONS = YES;
				CLANG_WARN_DIRECT_OBJC_ISA_USAGE = YES_ERROR;
				CLANG_WARN_DOCUMENTATION_COMMENTS = YES;
				CLANG_WARN_EMPTY_BODY = YES;
				CLANG_WARN_ENUM_CONVERSION = YES;
				CLANG_WARN_INFINITE_RECURSION = YES;
				CLANG_WARN_INT_CONVERSION = YES;
				CLANG_WARN_NON_LITERAL_NULL_CONVERSION = YES;
				CLANG_WARN_OBJC_IMPLICIT_RETAIN_SELF = YES;
				CLANG_WARN_OBJC_LITERAL_CONVERSION = YES;
				CLANG_WARN_OBJC_ROOT_CLASS = YES_ERROR;
				CLANG_WARN_QUOTED_INCLUDE_IN_FRAMEWORK_HEADER = YES;
				CLANG_WARN_RANGE_LOOP_ANALYSIS = YES;
				CLANG_WARN_STRICT_PROTOTYPES = YES;
				CLANG_WARN_SUSPICIOUS_MOVE = YES;
				CLANG_WARN_UNGUARDED_AVAILABILITY = YES_AGGRESSIVE;
				CLANG_WARN_UNREACHABLE_CODE = YES;
				CLANG_WARN__DUPLICATE_METHOD_MATCH = YES;
				COPY_PHASE_STRIP = NO;
				DEBUG_INFORMATION_FORMAT = dwarf;
				ENABLE_STRICT_OBJC_MSGSEND = YES;
				ENABLE_TESTABILITY = YES;
				ENABLE_USER_SCRIPT_SANDBOXING = YES;
				GCC_C_LANGUAGE_STANDARD = gnu17;
				GCC_DYNAMIC_NO_PIC = NO;
				GCC_NO_COMMON_BLOCKS = YES;
				GCC_OPTIMIZATION_LEVEL = 0;
				GCC_PREPROCESSOR_DEFINITIONS = (
					"DEBUG=1",
					"$(inherited)",
				);
				GCC_WARN_64_TO_32_BIT_CONVERSION = YES;
				GCC_WARN_ABOUT_RETURN_TYPE = YES_ERROR;
				GCC_WARN_UNDECLARED_SELECTOR = YES;
				GCC_WARN_UNINITIALIZED_AUTOS = YES_AGGRESSIVE;
				GCC_WARN_UNUSED_FUNCTION = YES;
				GCC_WARN_UNUSED_VARIABLE = YES;
				IPHONEOS_DEPLOYMENT_TARGET = 17.4;
				LOCALIZATION_PREFERS_STRING_CATALOGS = YES;
				MTL_ENABLE_DEBUG_INFO = INCLUDE_SOURCE;
				MTL_FAST_MATH = YES;
				ONLY_ACTIVE_ARCH = YES;
				SDKROOT = iphoneos;
				SWIFT_ACTIVE_COMPILATION_CONDITIONS = "DEBUG $(inherited)";
				SWIFT_OPTIMIZATION_LEVEL = "-Onone";
			};
			name = Debug;
		};
		7D5CC0492C1488D4007A8BBB /* Release */ = {
			isa = XCBuildConfiguration;
			buildSettings = {
				ALWAYS_SEARCH_USER_PATHS = NO;
				ASSETCATALOG_COMPILER_GENERATE_SWIFT_ASSET_SYMBOL_EXTENSIONS = YES;
				CLANG_ANALYZER_NONNULL = YES;
				CLANG_ANALYZER_NUMBER_OBJECT_CONVERSION = YES_AGGRESSIVE;
				CLANG_CXX_LANGUAGE_STANDARD = "gnu++20";
				CLANG_ENABLE_MODULES = YES;
				CLANG_ENABLE_OBJC_ARC = YES;
				CLANG_ENABLE_OBJC_WEAK = YES;
				CLANG_WARN_BLOCK_CAPTURE_AUTORELEASING = YES;
				CLANG_WARN_BOOL_CONVERSION = YES;
				CLANG_WARN_COMMA = YES;
				CLANG_WARN_CONSTANT_CONVERSION = YES;
				CLANG_WARN_DEPRECATED_OBJC_IMPLEMENTATIONS = YES;
				CLANG_WARN_DIRECT_OBJC_ISA_USAGE = YES_ERROR;
				CLANG_WARN_DOCUMENTATION_COMMENTS = YES;
				CLANG_WARN_EMPTY_BODY = YES;
				CLANG_WARN_ENUM_CONVERSION = YES;
				CLANG_WARN_INFINITE_RECURSION = YES;
				CLANG_WARN_INT_CONVERSION = YES;
				CLANG_WARN_NON_LITERAL_NULL_CONVERSION = YES;
				CLANG_WARN_OBJC_IMPLICIT_RETAIN_SELF = YES;
				CLANG_WARN_OBJC_LITERAL_CONVERSION = YES;
				CLANG_WARN_OBJC_ROOT_CLASS = YES_ERROR;
				CLANG_WARN_QUOTED_INCLUDE_IN_FRAMEWORK_HEADER = YES;
				CLANG_WARN_RANGE_LOOP_ANALYSIS = YES;
				CLANG_WARN_STRICT_PROTOTYPES = YES;
				CLANG_WARN_SUSPICIOUS_MOVE = YES;
				CLANG_WARN_UNGUARDED_AVAILABILITY = YES_AGGRESSIVE;
				CLANG_WARN_UNREACHABLE_CODE = YES;
				CLANG_WARN__DUPLICATE_METHOD_MATCH = YES;
				COPY_PHASE_STRIP = NO;
				DEBUG_INFORMATION_FORMAT = "dwarf-with-dsym";
				ENABLE_NS_ASSERTIONS = NO;
				ENABLE_STRICT_OBJC_MSGSEND = YES;
				ENABLE_USER_SCRIPT_SANDBOXING = YES;
				GCC_C_LANGUAGE_STANDARD = gnu17;
				GCC_NO_COMMON_BLOCKS = YES;
				GCC_WARN_64_TO_32_BIT_CONVERSION = YES;
				GCC_WARN_ABOUT_RETURN_TYPE = YES_ERROR;
				GCC_WARN_UNDECLARED_SELECTOR = YES;
				GCC_WARN_UNINITIALIZED_AUTOS = YES_AGGRESSIVE;
				GCC_WARN_UNUSED_FUNCTION = YES;
				GCC_WARN_UNUSED_VARIABLE = YES;
				IPHONEOS_DEPLOYMENT_TARGET = 17.4;
				LOCALIZATION_PREFERS_STRING_CATALOGS = YES;
				MTL_ENABLE_DEBUG_INFO = NO;
				MTL_FAST_MATH = YES;
				SDKROOT = iphoneos;
				SWIFT_COMPILATION_MODE = wholemodule;
				VALIDATE_PRODUCT = YES;
			};
			name = Release;
		};
		7D5CC04B2C1488D4007A8BBB /* Debug */ = {
			isa = XCBuildConfiguration;
			buildSettings = {
				ASSETCATALOG_COMPILER_APPICON_NAME = AppIcon;
				ASSETCATALOG_COMPILER_GLOBAL_ACCENT_COLOR_NAME = AccentColor;
				CODE_SIGN_STYLE = Automatic;
				CURRENT_PROJECT_VERSION = 1;
				DEVELOPMENT_ASSET_PATHS = "\"testProject/Preview Content\"";
				ENABLE_PREVIEWS = YES;
				GENERATE_INFOPLIST_FILE = YES;
				INFOPLIST_KEY_UIApplicationSceneManifest_Generation = YES;
				INFOPLIST_KEY_UIApplicationSupportsIndirectInputEvents = YES;
				INFOPLIST_KEY_UILaunchScreen_Generation = YES;
				INFOPLIST_KEY_UISupportedInterfaceOrientations_iPad = "UIInterfaceOrientationPortrait UIInterfaceOrientationPortraitUpsideDown UIInterfaceOrientationLandscapeLeft UIInterfaceOrientationLandscapeRight";
				INFOPLIST_KEY_UISupportedInterfaceOrientations_iPhone = "UIInterfaceOrientationPortrait UIInterfaceOrientationLandscapeLeft UIInterfaceOrientationLandscapeRight";
				LD_RUNPATH_SEARCH_PATHS = (
					"$(inherited)",
					"@executable_path/Frameworks",
				);
				MARKETING_VERSION = 1.0;
				PRODUCT_BUNDLE_IDENTIFIER = testProject.testProject;
				PRODUCT_NAME = "$(TARGET_NAME)";
				SWIFT_EMIT_LOC_STRINGS = YES;
				SWIFT_VERSION = 5.0;
				TARGETED_DEVICE_FAMILY = "1,2";
			};
			name = Debug;
		};
		7D5CC04C2C1488D4007A8BBB /* Release */ = {
			isa = XCBuildConfiguration;
			buildSettings = {
				ASSETCATALOG_COMPILER_APPICON_NAME = AppIcon;
				ASSETCATALOG_COMPILER_GLOBAL_ACCENT_COLOR_NAME = AccentColor;
				CODE_SIGN_STYLE = Automatic;
				CURRENT_PROJECT_VERSION = 1;
				DEVELOPMENT_ASSET_PATHS = "\"testProject/Preview Content\"";
				ENABLE_PREVIEWS = YES;
				GENERATE_INFOPLIST_FILE = YES;
				INFOPLIST_KEY_UIApplicationSceneManifest_Generation = YES;
				INFOPLIST_KEY_UIApplicationSupportsIndirectInputEvents = YES;
				INFOPLIST_KEY_UILaunchScreen_Generation = YES;
				INFOPLIST_KEY_UISupportedInterfaceOrientations_iPad = "UIInterfaceOrientationPortrait UIInterfaceOrientationPortraitUpsideDown UIInterfaceOrientationLandscapeLeft UIInterfaceOrientationLandscapeRight";
				INFOPLIST_KEY_UISupportedInterfaceOrientations_iPhone = "UIInterfaceOrientationPortrait UIInterfaceOrientationLandscapeLeft UIInterfaceOrientationLandscapeRight";
				LD_RUNPATH_SEARCH_PATHS = (
					"$(inherited)",
					"@executable_path/Frameworks",
				);
				MARKETING_VERSION = 1.0;
				PRODUCT_BUNDLE_IDENTIFIER = testProject.testProject;
				PRODUCT_NAME = "$(TARGET_NAME)";
				SWIFT_EMIT_LOC_STRINGS = YES;
				SWIFT_VERSION = 5.0;
				TARGETED_DEVICE_FAMILY = "1,2";
			};
			name = Release;
		};
		7D5CC06E2C155B06007A8BBB /* Debug */ = {
			isa = XCBuildConfiguration;
			buildSettings = {
				BUNDLE_LOADER = "$(TEST_HOST)";
				CODE_SIGN_STYLE = Automatic;
				CURRENT_PROJECT_VERSION = 1;
				GENERATE_INFOPLIST_FILE = YES;
				MARKETING_VERSION = 1.0;
				PRODUCT_BUNDLE_IDENTIFIER = testProject.testProjectTests;
				PRODUCT_NAME = "$(TARGET_NAME)";
				SWIFT_EMIT_LOC_STRINGS = NO;
				SWIFT_VERSION = 5.0;
				TARGETED_DEVICE_FAMILY = "1,2";
				TEST_HOST = "$(BUILT_PRODUCTS_DIR)/testProject.app/$(BUNDLE_EXECUTABLE_FOLDER_PATH)/testProject";
			};
			name = Debug;
		};
		7D5CC06F2C155B06007A8BBB /* Release */ = {
			isa = XCBuildConfiguration;
			buildSettings = {
				BUNDLE_LOADER = "$(TEST_HOST)";
				CODE_SIGN_STYLE = Automatic;
				CURRENT_PROJECT_VERSION = 1;
				GENERATE_INFOPLIST_FILE = YES;
				MARKETING_VERSION = 1.0;
				PRODUCT_BUNDLE_IDENTIFIER = testProject.testProjectTests;
				PRODUCT_NAME = "$(TARGET_NAME)";
				SWIFT_EMIT_LOC_STRINGS = NO;
				SWIFT_VERSION = 5.0;
				TARGETED_DEVICE_FAMILY = "1,2";
				TEST_HOST = "$(BUILT_PRODUCTS_DIR)/testProject.app/$(BUNDLE_EXECUTABLE_FOLDER_PATH)/testProject";
			};
			name = Release;
		};
		7D5CC07D2C155B20007A8BBB /* Debug */ = {
			isa = XCBuildConfiguration;
			buildSettings = {
				CODE_SIGN_STYLE = Automatic;
				CURRENT_PROJECT_VERSION = 1;
				GENERATE_INFOPLIST_FILE = YES;
				MARKETING_VERSION = 1.0;
				PRODUCT_BUNDLE_IDENTIFIER = testProject.testProjectUITests;
				PRODUCT_NAME = "$(TARGET_NAME)";
				SWIFT_EMIT_LOC_STRINGS = NO;
				SWIFT_VERSION = 5.0;
				TARGETED_DEVICE_FAMILY = "1,2";
				TEST_TARGET_NAME = testProject;
			};
			name = Debug;
		};
		7D5CC07E2C155B20007A8BBB /* Release */ = {
			isa = XCBuildConfiguration;
			buildSettings = {
				CODE_SIGN_STYLE = Automatic;
				CURRENT_PROJECT_VERSION = 1;
				GENERATE_INFOPLIST_FILE = YES;
				MARKETING_VERSION = 1.0;
				PRODUCT_BUNDLE_IDENTIFIER = testProject.testProjectUITests;
				PRODUCT_NAME = "$(TARGET_NAME)";
				SWIFT_EMIT_LOC_STRINGS = NO;
				SWIFT_VERSION = 5.0;
				TARGETED_DEVICE_FAMILY = "1,2";
				TEST_TARGET_NAME = testProject;
			};
			name = Release;
		};
/* End XCBuildConfiguration section */

/* Begin XCConfigurationList section */
		7D5CC0372C1488D3007A8BBB /* Build configuration list for PBXProject "testProject" */ = {
			isa = XCConfigurationList;
			buildConfigurations = (
				7D5CC0482C1488D4007A8BBB /* Debug */,
				7D5CC0492C1488D4007A8BBB /* Release */,
			);
			defaultConfigurationIsVisible = 0;
			defaultConfigurationName = Release;
		};
		7D5CC04A2C1488D4007A8BBB /* Build configuration list for PBXNativeTarget "testProject" */ = {
			isa = XCConfigurationList;
			buildConfigurations = (
				7D5CC04B2C1488D4007A8BBB /* Debug */,
				7D5CC04C2C1488D4007A8BBB /* Release */,
			);
			defaultConfigurationIsVisible = 0;
			defaultConfigurationName = Release;
		};
		7D5CC06D2C155B06007A8BBB /* Build configuration list for PBXNativeTarget "testProjectTests" */ = {
			isa = XCConfigurationList;
			buildConfigurations = (
				7D5CC06E2C155B06007A8BBB /* Debug */,
				7D5CC06F2C155B06007A8BBB /* Release */,
			);
			defaultConfigurationIsVisible = 0;
			defaultConfigurationName = Release;
		};
		7D5CC07C2C155B20007A8BBB /* Build configuration list for PBXNativeTarget "testProjectUITests" */ = {
			isa = XCConfigurationList;
			buildConfigurations = (
				7D5CC07D2C155B20007A8BBB /* Debug */,
				7D5CC07E2C155B20007A8BBB /* Release */,
			);
			defaultConfigurationIsVisible = 0;
			defaultConfigurationName = Release;
		};
/* End XCConfigurationList section */

/* Begin XCRemoteSwiftPackageReference section */
		7D5CC0532C148B3D007A8BBB /* XCRemoteSwiftPackageReference "Alamofire" */ = {
			isa = XCRemoteSwiftPackageReference;
			repositoryURL = "https://github.com/Alamofire/Alamofire.git";
			requirement = {
				kind = upToNextMajorVersion;
				minimumVersion = 5.9.1;
			};
		};
/* End XCRemoteSwiftPackageReference section */

/* Begin XCSwiftPackageProductDependency section */
		7D5CC0542C148B3D007A8BBB /* Alamofire */ = {
			isa = XCSwiftPackageProductDependency;
			package = 7D5CC0532C148B3D007A8BBB /* XCRemoteSwiftPackageReference "Alamofire" */;
			productName = Alamofire;
		};
		7D5CC0562C148B3D007A8BBB /* AlamofireDynamic */ = {
			isa = XCSwiftPackageProductDependency;
			package = 7D5CC0532C148B3D007A8BBB /* XCRemoteSwiftPackageReference "Alamofire" */;
			productName = AlamofireDynamic;
		};
/* End XCSwiftPackageProductDependency section */
	};
	rootObject = 7D5CC0342C1488D3007A8BBB /* Project object */;
}
